
Microsoft Visual Studio Solution File, Format Version 12.00
# Visual Studio Version 16
VisualStudioVersion = 16.0.31624.102
MinimumVisualStudioVersion = 10.0.40219.1
Project("{FAE04EC0-301F-11D3-BF4B-00C04F79EFBC}") = "Customer-Supplier-Authentication", "Customer-Supplier-Authentication\Customer-Supplier-Authentication.csproj", "{B08F5213-771F-4720-9BC3-A71DAD669469}"
EndProject
Global
	GlobalSection(SolutionConfigurationPlatforms) = preSolution
		Debug|Any CPU = Debug|Any CPU
		Release|Any CPU = Release|Any CPU
	EndGlobalSection
	GlobalSection(ProjectConfigurationPlatforms) = postSolution
		{B08F5213-771F-4720-9BC3-A71DAD669469}.Debug|Any CPU.ActiveCfg = Debug|Any CPU
		{B08F5213-771F-4720-9BC3-A71DAD669469}.Debug|Any CPU.Build.0 = Debug|Any CPU
		{B08F5213-771F-4720-9BC3-A71DAD669469}.Release|Any CPU.ActiveCfg = Release|Any CPU
		{B08F5213-771F-4720-9BC3-A71DAD669469}.Release|Any CPU.Build.0 = Release|Any CPU
	EndGlobalSection
	GlobalSection(SolutionProperties) = preSolution
		HideSolutionNode = FALSE
	EndGlobalSection
	GlobalSection(ExtensibilityGlobals) = postSolution
		SolutionGuid = {BB8CEF41-DF33-4EF3-834F-E3CA309C4444}
	EndGlobalSection
EndGlobal
